
Microsoft Visual Studio Solution File, Format Version 11.00
# Visual Studio 2010
Project("{FAE04EC0-301F-11D3-BF4B-00C04F79EFBC}") = "MobiClick", "MobiClick\MobiClick.csproj", "{DF2EBCDC-5C4C-45BF-B3DE-BCAA3E787E23}"
EndProject
Project("{FAE04EC0-301F-11D3-BF4B-00C04F79EFBC}") = "MobiClickManager", "MobiClickManager\MobiClickManager.csproj", "{4D495706-4902-4B1D-82C5-94FB2BFF862B}"
EndProject
Project("{54435603-DBB4-11D2-8724-00A0C9A8B90C}") = "MobiClickSetup", "MobiClickSetup\MobiClickSetup.vdproj", "{3C70C922-0349-4BDE-84FC-AAABDCEE5ECB}"
EndProject
Project("{FAE04EC0-301F-11D3-BF4B-00C04F79EFBC}") = "DBHelper", "DBHelper\DBHelper.csproj", "{700BD552-5FE4-44DC-883B-619B17E8B827}"
EndProject
Project("{FAE04EC0-301F-11D3-BF4B-00C04F79EFBC}") = "MobiClickAutoUpGrade", "MobiClickAutoUpGrade\MobiClickAutoUpGrade.csproj", "{365C3328-EDF1-498A-8025-4FF2B12FDD2F}"
EndProject
Project("{E24C65DC-7377-472B-9ABA-BC803B73C61A}") = "WoobinSoftWebService", "WoobinSoftWebService\", "{02B79A91-DE5C-476E-87A7-620C5C1DF645}"
	ProjectSection(WebsiteProperties) = preProject
		TargetFrameworkMoniker = ".NETFramework,Version%3Dv4.0"
		Debug.AspNetCompiler.VirtualPath = "/WoobinSoftWebService"
		Debug.AspNetCompiler.PhysicalPath = "WoobinSoftWebService\"
		Debug.AspNetCompiler.TargetPath = "PrecompiledWeb\WoobinSoftWebService\"
		Debug.AspNetCompiler.Updateable = "true"
		Debug.AspNetCompiler.ForceOverwrite = "true"
		Debug.AspNetCompiler.FixedNames = "false"
		Debug.AspNetCompiler.Debug = "True"
		Release.AspNetCompiler.VirtualPath = "/WoobinSoftWebService"
		Release.AspNetCompiler.PhysicalPath = "WoobinSoftWebService\"
		Release.AspNetCompiler.TargetPath = "PrecompiledWeb\WoobinSoftWebService\"
		Release.AspNetCompiler.Updateable = "true"
		Release.AspNetCompiler.ForceOverwrite = "true"
		Release.AspNetCompiler.FixedNames = "false"
		Release.AspNetCompiler.Debug = "False"
		VWDPort = "11175"
	EndProjectSection
EndProject
Project("{FAE04EC0-301F-11D3-BF4B-00C04F79EFBC}") = "MobileClickInstagram", "MobileClickInstagram\MobileClickInstagram.csproj", "{C8417B68-EBC0-4DF0-9E3C-8BAF77773226}"
EndProject
Project("{FAE04EC0-301F-11D3-BF4B-00C04F79EFBC}") = "MobileClickNaverNote", "MobileClickNaverNote\MobileClickNaverNote.csproj", "{37C753D1-2610-43B5-A758-4C0D6CE8E529}"
EndProject
Project("{FAE04EC0-301F-11D3-BF4B-00C04F79EFBC}") = "MobiClickLauncher", "MobiClickLauncher\MobiClickLauncher.csproj", "{2A1AC786-715C-4DE1-B0F1-3AD41D6583F0}"
EndProject
Global
	GlobalSection(SolutionConfigurationPlatforms) = preSolution
		CD_ROM|Any CPU = CD_ROM|Any CPU
		CD_ROM|Mixed Platforms = CD_ROM|Mixed Platforms
		CD_ROM|x86 = CD_ROM|x86
		Debug|Any CPU = Debug|Any CPU
		Debug|Mixed Platforms = Debug|Mixed Platforms
		Debug|x86 = Debug|x86
		DVD-5|Any CPU = DVD-5|Any CPU
		DVD-5|Mixed Platforms = DVD-5|Mixed Platforms
		DVD-5|x86 = DVD-5|x86
		Release|Any CPU = Release|Any CPU
		Release|Mixed Platforms = Release|Mixed Platforms
		Release|x86 = Release|x86
		SingleImage|Any CPU = SingleImage|Any CPU
		SingleImage|Mixed Platforms = SingleImage|Mixed Platforms
		SingleImage|x86 = SingleImage|x86
	EndGlobalSection
	GlobalSection(ProjectConfigurationPlatforms) = postSolution
		{DF2EBCDC-5C4C-45BF-B3DE-BCAA3E787E23}.CD_ROM|Any CPU.ActiveCfg = Release|x86
		{DF2EBCDC-5C4C-45BF-B3DE-BCAA3E787E23}.CD_ROM|Mixed Platforms.ActiveCfg = Release|x86
		{DF2EBCDC-5C4C-45BF-B3DE-BCAA3E787E23}.CD_ROM|Mixed Platforms.Build.0 = Release|x86
		{DF2EBCDC-5C4C-45BF-B3DE-BCAA3E787E23}.CD_ROM|x86.ActiveCfg = Release|x86
		{DF2EBCDC-5C4C-45BF-B3DE-BCAA3E787E23}.CD_ROM|x86.Build.0 = Release|x86
		{DF2EBCDC-5C4C-45BF-B3DE-BCAA3E787E23}.Debug|Any CPU.ActiveCfg = Debug|x86
		{DF2EBCDC-5C4C-45BF-B3DE-BCAA3E787E23}.Debug|Mixed Platforms.ActiveCfg = Debug|x86
		{DF2EBCDC-5C4C-45BF-B3DE-BCAA3E787E23}.Debug|Mixed Platforms.Build.0 = Debug|x86
		{DF2EBCDC-5C4C-45BF-B3DE-BCAA3E787E23}.Debug|x86.ActiveCfg = Debug|x86
		{DF2EBCDC-5C4C-45BF-B3DE-BCAA3E787E23}.Debug|x86.Build.0 = Debug|x86
		{DF2EBCDC-5C4C-45BF-B3DE-BCAA3E787E23}.DVD-5|Any CPU.ActiveCfg = Debug|x86
		{DF2EBCDC-5C4C-45BF-B3DE-BCAA3E787E23}.DVD-5|Mixed Platforms.ActiveCfg = Debug|x86
		{DF2EBCDC-5C4C-45BF-B3DE-BCAA3E787E23}.DVD-5|Mixed Platforms.Build.0 = Debug|x86
		{DF2EBCDC-5C4C-45BF-B3DE-BCAA3E787E23}.DVD-5|x86.ActiveCfg = Debug|x86
		{DF2EBCDC-5C4C-45BF-B3DE-BCAA3E787E23}.DVD-5|x86.Build.0 = Debug|x86
		{DF2EBCDC-5C4C-45BF-B3DE-BCAA3E787E23}.Release|Any CPU.ActiveCfg = Release|x86
		{DF2EBCDC-5C4C-45BF-B3DE-BCAA3E787E23}.Release|Any CPU.Build.0 = Release|x86
		{DF2EBCDC-5C4C-45BF-B3DE-BCAA3E787E23}.Release|Mixed Platforms.ActiveCfg = Release|x86
		{DF2EBCDC-5C4C-45BF-B3DE-BCAA3E787E23}.Release|Mixed Platforms.Build.0 = Release|x86
		{DF2EBCDC-5C4C-45BF-B3DE-BCAA3E787E23}.Release|x86.ActiveCfg = Release|x86
		{DF2EBCDC-5C4C-45BF-B3DE-BCAA3E787E23}.Release|x86.Build.0 = Release|x86
		{DF2EBCDC-5C4C-45BF-B3DE-BCAA3E787E23}.SingleImage|Any CPU.ActiveCfg = Release|x86
		{DF2EBCDC-5C4C-45BF-B3DE-BCAA3E787E23}.SingleImage|Mixed Platforms.ActiveCfg = Release|x86
		{DF2EBCDC-5C4C-45BF-B3DE-BCAA3E787E23}.SingleImage|Mixed Platforms.Build.0 = Release|x86
		{DF2EBCDC-5C4C-45BF-B3DE-BCAA3E787E23}.SingleImage|x86.ActiveCfg = Release|x86
		{DF2EBCDC-5C4C-45BF-B3DE-BCAA3E787E23}.SingleImage|x86.Build.0 = Release|x86
		{4D495706-4902-4B1D-82C5-94FB2BFF862B}.CD_ROM|Any CPU.ActiveCfg = Release|x86
		{4D495706-4902-4B1D-82C5-94FB2BFF862B}.CD_ROM|Mixed Platforms.ActiveCfg = Release|x86
		{4D495706-4902-4B1D-82C5-94FB2BFF862B}.CD_ROM|Mixed Platforms.Build.0 = Release|x86
		{4D495706-4902-4B1D-82C5-94FB2BFF862B}.CD_ROM|x86.ActiveCfg = Release|x86
		{4D495706-4902-4B1D-82C5-94FB2BFF862B}.CD_ROM|x86.Build.0 = Release|x86
		{4D495706-4902-4B1D-82C5-94FB2BFF862B}.Debug|Any CPU.ActiveCfg = Debug|x86
		{4D495706-4902-4B1D-82C5-94FB2BFF862B}.Debug|Mixed Platforms.ActiveCfg = Debug|x86
		{4D495706-4902-4B1D-82C5-94FB2BFF862B}.Debug|Mixed Platforms.Build.0 = Debug|x86
		{4D495706-4902-4B1D-82C5-94FB2BFF862B}.Debug|x86.ActiveCfg = Debug|x86
		{4D495706-4902-4B1D-82C5-94FB2BFF862B}.Debug|x86.Build.0 = Debug|x86
		{4D495706-4902-4B1D-82C5-94FB2BFF862B}.DVD-5|Any CPU.ActiveCfg = Debug|x86
		{4D495706-4902-4B1D-82C5-94FB2BFF862B}.DVD-5|Mixed Platforms.ActiveCfg = Debug|x86
		{4D495706-4902-4B1D-82C5-94FB2BFF862B}.DVD-5|Mixed Platforms.Build.0 = Debug|x86
		{4D495706-4902-4B1D-82C5-94FB2BFF862B}.DVD-5|x86.ActiveCfg = Debug|x86
		{4D495706-4902-4B1D-82C5-94FB2BFF862B}.DVD-5|x86.Build.0 = Debug|x86
		{4D495706-4902-4B1D-82C5-94FB2BFF862B}.Release|Any CPU.ActiveCfg = Release|x86
		{4D495706-4902-4B1D-82C5-94FB2BFF862B}.Release|Mixed Platforms.ActiveCfg = Release|x86
		{4D495706-4902-4B1D-82C5-94FB2BFF862B}.Release|x86.ActiveCfg = Release|x86
		{4D495706-4902-4B1D-82C5-94FB2BFF862B}.Release|x86.Build.0 = Release|x86
		{4D495706-4902-4B1D-82C5-94FB2BFF862B}.SingleImage|Any CPU.ActiveCfg = Release|x86
		{4D495706-4902-4B1D-82C5-94FB2BFF862B}.SingleImage|Mixed Platforms.ActiveCfg = Release|x86
		{4D495706-4902-4B1D-82C5-94FB2BFF862B}.SingleImage|Mixed Platforms.Build.0 = Release|x86
		{4D495706-4902-4B1D-82C5-94FB2BFF862B}.SingleImage|x86.ActiveCfg = Release|x86
		{4D495706-4902-4B1D-82C5-94FB2BFF862B}.SingleImage|x86.Build.0 = Release|x86
		{3C70C922-0349-4BDE-84FC-AAABDCEE5ECB}.CD_ROM|Any CPU.ActiveCfg = Release
		{3C70C922-0349-4BDE-84FC-AAABDCEE5ECB}.CD_ROM|Any CPU.Build.0 = Release
		{3C70C922-0349-4BDE-84FC-AAABDCEE5ECB}.CD_ROM|Mixed Platforms.ActiveCfg = Release
		{3C70C922-0349-4BDE-84FC-AAABDCEE5ECB}.CD_ROM|Mixed Platforms.Build.0 = Release
		{3C70C922-0349-4BDE-84FC-AAABDCEE5ECB}.CD_ROM|x86.ActiveCfg = Release
		{3C70C922-0349-4BDE-84FC-AAABDCEE5ECB}.Debug|Any CPU.ActiveCfg = Debug
		{3C70C922-0349-4BDE-84FC-AAABDCEE5ECB}.Debug|Any CPU.Build.0 = Debug
		{3C70C922-0349-4BDE-84FC-AAABDCEE5ECB}.Debug|Mixed Platforms.ActiveCfg = Debug
		{3C70C922-0349-4BDE-84FC-AAABDCEE5ECB}.Debug|Mixed Platforms.Build.0 = Debug
		{3C70C922-0349-4BDE-84FC-AAABDCEE5ECB}.Debug|x86.ActiveCfg = Debug
		{3C70C922-0349-4BDE-84FC-AAABDCEE5ECB}.DVD-5|Any CPU.ActiveCfg = Debug
		{3C70C922-0349-4BDE-84FC-AAABDCEE5ECB}.DVD-5|Any CPU.Build.0 = Debug
		{3C70C922-0349-4BDE-84FC-AAABDCEE5ECB}.DVD-5|Mixed Platforms.ActiveCfg = Debug
		{3C70C922-0349-4BDE-84FC-AAABDCEE5ECB}.DVD-5|Mixed Platforms.Build.0 = Debug
		{3C70C922-0349-4BDE-84FC-AAABDCEE5ECB}.DVD-5|x86.ActiveCfg = Debug
		{3C70C922-0349-4BDE-84FC-AAABDCEE5ECB}.Release|Any CPU.ActiveCfg = Release
		{3C70C922-0349-4BDE-84FC-AAABDCEE5ECB}.Release|Any CPU.Build.0 = Release
		{3C70C922-0349-4BDE-84FC-AAABDCEE5ECB}.Release|Mixed Platforms.ActiveCfg = Release
		{3C70C922-0349-4BDE-84FC-AAABDCEE5ECB}.Release|Mixed Platforms.Build.0 = Release
		{3C70C922-0349-4BDE-84FC-AAABDCEE5ECB}.Release|x86.ActiveCfg = Release
		{3C70C922-0349-4BDE-84FC-AAABDCEE5ECB}.SingleImage|Any CPU.ActiveCfg = Release
		{3C70C922-0349-4BDE-84FC-AAABDCEE5ECB}.SingleImage|Any CPU.Build.0 = Release
		{3C70C922-0349-4BDE-84FC-AAABDCEE5ECB}.SingleImage|Mixed Platforms.ActiveCfg = Release
		{3C70C922-0349-4BDE-84FC-AAABDCEE5ECB}.SingleImage|Mixed Platforms.Build.0 = Release
		{3C70C922-0349-4BDE-84FC-AAABDCEE5ECB}.SingleImage|x86.ActiveCfg = Release
		{700BD552-5FE4-44DC-883B-619B17E8B827}.CD_ROM|Any CPU.ActiveCfg = Release|Any CPU
		{700BD552-5FE4-44DC-883B-619B17E8B827}.CD_ROM|Any CPU.Build.0 = Release|Any CPU
		{700BD552-5FE4-44DC-883B-619B17E8B827}.CD_ROM|Mixed Platforms.ActiveCfg = Release|Any CPU
		{700BD552-5FE4-44DC-883B-619B17E8B827}.CD_ROM|Mixed Platforms.Build.0 = Release|Any CPU
		{700BD552-5FE4-44DC-883B-619B17E8B827}.CD_ROM|x86.ActiveCfg = Release|Any CPU
		{700BD552-5FE4-44DC-883B-619B17E8B827}.Debug|Any CPU.ActiveCfg = Debug|Any CPU
		{700BD552-5FE4-44DC-883B-619B17E8B827}.Debug|Any CPU.Build.0 = Debug|Any CPU
		{700BD552-5FE4-44DC-883B-619B17E8B827}.Debug|Mixed Platforms.ActiveCfg = Debug|Any CPU
		{700BD552-5FE4-44DC-883B-619B17E8B827}.Debug|Mixed Platforms.Build.0 = Debug|Any CPU
		{700BD552-5FE4-44DC-883B-619B17E8B827}.Debug|x86.ActiveCfg = Debug|Any CPU
		{700BD552-5FE4-44DC-883B-619B17E8B827}.DVD-5|Any CPU.ActiveCfg = Debug|Any CPU
		{700BD552-5FE4-44DC-883B-619B17E8B827}.DVD-5|Any CPU.Build.0 = Debug|Any CPU
		{700BD552-5FE4-44DC-883B-619B17E8B827}.DVD-5|Mixed Platforms.ActiveCfg = Debug|Any CPU
		{700BD552-5FE4-44DC-883B-619B17E8B827}.DVD-5|Mixed Platforms.Build.0 = Debug|Any CPU
		{700BD552-5FE4-44DC-883B-619B17E8B827}.DVD-5|x86.ActiveCfg = Debug|Any CPU
		{700BD552-5FE4-44DC-883B-619B17E8B827}.Release|Any CPU.ActiveCfg = Release|Any CPU
		{700BD552-5FE4-44DC-883B-619B17E8B827}.Release|Any CPU.Build.0 = Release|Any CPU
		{700BD552-5FE4-44DC-883B-619B17E8B827}.Release|Mixed Platforms.ActiveCfg = Release|Any CPU
		{700BD552-5FE4-44DC-883B-619B17E8B827}.Release|x86.ActiveCfg = Release|Any CPU
		{700BD552-5FE4-44DC-883B-619B17E8B827}.SingleImage|Any CPU.ActiveCfg = Release|Any CPU
		{700BD552-5FE4-44DC-883B-619B17E8B827}.SingleImage|Any CPU.Build.0 = Release|Any CPU
		{700BD552-5FE4-44DC-883B-619B17E8B827}.SingleImage|Mixed Platforms.ActiveCfg = Release|Any CPU
		{700BD552-5FE4-44DC-883B-619B17E8B827}.SingleImage|Mixed Platforms.Build.0 = Release|Any CPU
		{700BD552-5FE4-44DC-883B-619B17E8B827}.SingleImage|x86.ActiveCfg = Release|Any CPU
		{365C3328-EDF1-498A-8025-4FF2B12FDD2F}.CD_ROM|Any CPU.ActiveCfg = Release|x86
		{365C3328-EDF1-498A-8025-4FF2B12FDD2F}.CD_ROM|Mixed Platforms.ActiveCfg = Release|x86
		{365C3328-EDF1-498A-8025-4FF2B12FDD2F}.CD_ROM|Mixed Platforms.Build.0 = Release|x86
		{365C3328-EDF1-498A-8025-4FF2B12FDD2F}.CD_ROM|x86.ActiveCfg = Release|x86
		{365C3328-EDF1-498A-8025-4FF2B12FDD2F}.CD_ROM|x86.Build.0 = Release|x86
		{365C3328-EDF1-498A-8025-4FF2B12FDD2F}.Debug|Any CPU.ActiveCfg = Debug|x86
		{365C3328-EDF1-498A-8025-4FF2B12FDD2F}.Debug|Mixed Platforms.ActiveCfg = Debug|x86
		{365C3328-EDF1-498A-8025-4FF2B12FDD2F}.Debug|Mixed Platforms.Build.0 = Debug|x86
		{365C3328-EDF1-498A-8025-4FF2B12FDD2F}.Debug|x86.ActiveCfg = Debug|x86
		{365C3328-EDF1-498A-8025-4FF2B12FDD2F}.Debug|x86.Build.0 = Debug|x86
		{365C3328-EDF1-498A-8025-4FF2B12FDD2F}.DVD-5|Any CPU.ActiveCfg = Debug|x86
		{365C3328-EDF1-498A-8025-4FF2B12FDD2F}.DVD-5|Mixed Platforms.ActiveCfg = Debug|x86
		{365C3328-EDF1-498A-8025-4FF2B12FDD2F}.DVD-5|Mixed Platforms.Build.0 = Debug|x86
		{365C3328-EDF1-498A-8025-4FF2B12FDD2F}.DVD-5|x86.ActiveCfg = Debug|x86
		{365C3328-EDF1-498A-8025-4FF2B12FDD2F}.DVD-5|x86.Build.0 = Debug|x86
		{365C3328-EDF1-498A-8025-4FF2B12FDD2F}.Release|Any CPU.ActiveCfg = Release|x86
		{365C3328-EDF1-498A-8025-4FF2B12FDD2F}.Release|Any CPU.Build.0 = Release|x86
		{365C3328-EDF1-498A-8025-4FF2B12FDD2F}.Release|Mixed Platforms.ActiveCfg = Release|x86
		{365C3328-EDF1-498A-8025-4FF2B12FDD2F}.Release|Mixed Platforms.Build.0 = Release|x86
		{365C3328-EDF1-498A-8025-4FF2B12FDD2F}.Release|x86.ActiveCfg = Release|x86
		{365C3328-EDF1-498A-8025-4FF2B12FDD2F}.Release|x86.Build.0 = Release|x86
		{365C3328-EDF1-498A-8025-4FF2B12FDD2F}.SingleImage|Any CPU.ActiveCfg = Release|x86
		{365C3328-EDF1-498A-8025-4FF2B12FDD2F}.SingleImage|Mixed Platforms.ActiveCfg = Release|x86
		{365C3328-EDF1-498A-8025-4FF2B12FDD2F}.SingleImage|Mixed Platforms.Build.0 = Release|x86
		{365C3328-EDF1-498A-8025-4FF2B12FDD2F}.SingleImage|x86.ActiveCfg = Release|x86
		{365C3328-EDF1-498A-8025-4FF2B12FDD2F}.SingleImage|x86.Build.0 = Release|x86
		{02B79A91-DE5C-476E-87A7-620C5C1DF645}.CD_ROM|Any CPU.ActiveCfg = Debug|Any CPU
		{02B79A91-DE5C-476E-87A7-620C5C1DF645}.CD_ROM|Any CPU.Build.0 = Debug|Any CPU
		{02B79A91-DE5C-476E-87A7-620C5C1DF645}.CD_ROM|Mixed Platforms.ActiveCfg = Debug|Any CPU
		{02B79A91-DE5C-476E-87A7-620C5C1DF645}.CD_ROM|Mixed Platforms.Build.0 = Debug|Any CPU
		{02B79A91-DE5C-476E-87A7-620C5C1DF645}.CD_ROM|x86.ActiveCfg = Debug|Any CPU
		{02B79A91-DE5C-476E-87A7-620C5C1DF645}.Debug|Any CPU.ActiveCfg = Debug|Any CPU
		{02B79A91-DE5C-476E-87A7-620C5C1DF645}.Debug|Any CPU.Build.0 = Debug|Any CPU
		{02B79A91-DE5C-476E-87A7-620C5C1DF645}.Debug|Mixed Platforms.ActiveCfg = Debug|Any CPU
		{02B79A91-DE5C-476E-87A7-620C5C1DF645}.Debug|Mixed Platforms.Build.0 = Debug|Any CPU
		{02B79A91-DE5C-476E-87A7-620C5C1DF645}.Debug|x86.ActiveCfg = Debug|Any CPU
		{02B79A91-DE5C-476E-87A7-620C5C1DF645}.DVD-5|Any CPU.ActiveCfg = Debug|Any CPU
		{02B79A91-DE5C-476E-87A7-620C5C1DF645}.DVD-5|Any CPU.Build.0 = Debug|Any CPU
		{02B79A91-DE5C-476E-87A7-620C5C1DF645}.DVD-5|Mixed Platforms.ActiveCfg = Debug|Any CPU
		{02B79A91-DE5C-476E-87A7-620C5C1DF645}.DVD-5|Mixed Platforms.Build.0 = Debug|Any CPU
		{02B79A91-DE5C-476E-87A7-620C5C1DF645}.DVD-5|x86.ActiveCfg = Debug|Any CPU
		{02B79A91-DE5C-476E-87A7-620C5C1DF645}.Release|Any CPU.ActiveCfg = Debug|Any CPU
		{02B79A91-DE5C-476E-87A7-620C5C1DF645}.Release|Mixed Platforms.ActiveCfg = Debug|Any CPU
		{02B79A91-DE5C-476E-87A7-620C5C1DF645}.Release|x86.ActiveCfg = Debug|Any CPU
		{02B79A91-DE5C-476E-87A7-620C5C1DF645}.SingleImage|Any CPU.ActiveCfg = Debug|Any CPU
		{02B79A91-DE5C-476E-87A7-620C5C1DF645}.SingleImage|Any CPU.Build.0 = Debug|Any CPU
		{02B79A91-DE5C-476E-87A7-620C5C1DF645}.SingleImage|Mixed Platforms.ActiveCfg = Debug|Any CPU
		{02B79A91-DE5C-476E-87A7-620C5C1DF645}.SingleImage|Mixed Platforms.Build.0 = Debug|Any CPU
		{02B79A91-DE5C-476E-87A7-620C5C1DF645}.SingleImage|x86.ActiveCfg = Debug|Any CPU
		{C8417B68-EBC0-4DF0-9E3C-8BAF77773226}.CD_ROM|Any CPU.ActiveCfg = Release|x86
		{C8417B68-EBC0-4DF0-9E3C-8BAF77773226}.CD_ROM|Mixed Platforms.ActiveCfg = Release|x86
		{C8417B68-EBC0-4DF0-9E3C-8BAF77773226}.CD_ROM|Mixed Platforms.Build.0 = Release|x86
		{C8417B68-EBC0-4DF0-9E3C-8BAF77773226}.CD_ROM|x86.ActiveCfg = Release|x86
		{C8417B68-EBC0-4DF0-9E3C-8BAF77773226}.CD_ROM|x86.Build.0 = Release|x86
		{C8417B68-EBC0-4DF0-9E3C-8BAF77773226}.Debug|Any CPU.ActiveCfg = Debug|x86
		{C8417B68-EBC0-4DF0-9E3C-8BAF77773226}.Debug|Mixed Platforms.ActiveCfg = Debug|x86
		{C8417B68-EBC0-4DF0-9E3C-8BAF77773226}.Debug|Mixed Platforms.Build.0 = Debug|x86
		{C8417B68-EBC0-4DF0-9E3C-8BAF77773226}.Debug|x86.ActiveCfg = Debug|x86
		{C8417B68-EBC0-4DF0-9E3C-8BAF77773226}.Debug|x86.Build.0 = Debug|x86
		{C8417B68-EBC0-4DF0-9E3C-8BAF77773226}.DVD-5|Any CPU.ActiveCfg = Debug|x86
		{C8417B68-EBC0-4DF0-9E3C-8BAF77773226}.DVD-5|Mixed Platforms.ActiveCfg = Debug|x86
		{C8417B68-EBC0-4DF0-9E3C-8BAF77773226}.DVD-5|Mixed Platforms.Build.0 = Debug|x86
		{C8417B68-EBC0-4DF0-9E3C-8BAF77773226}.DVD-5|x86.ActiveCfg = Debug|x86
		{C8417B68-EBC0-4DF0-9E3C-8BAF77773226}.DVD-5|x86.Build.0 = Debug|x86
		{C8417B68-EBC0-4DF0-9E3C-8BAF77773226}.Release|Any CPU.ActiveCfg = Release|x86
		{C8417B68-EBC0-4DF0-9E3C-8BAF77773226}.Release|Mixed Platforms.ActiveCfg = Release|x86
		{C8417B68-EBC0-4DF0-9E3C-8BAF77773226}.Release|Mixed Platforms.Build.0 = Release|x86
		{C8417B68-EBC0-4DF0-9E3C-8BAF77773226}.Release|x86.ActiveCfg = Release|x86
		{C8417B68-EBC0-4DF0-9E3C-8BAF77773226}.Release|x86.Build.0 = Release|x86
		{C8417B68-EBC0-4DF0-9E3C-8BAF77773226}.SingleImage|Any CPU.ActiveCfg = Release|x86
		{C8417B68-EBC0-4DF0-9E3C-8BAF77773226}.SingleImage|Mixed Platforms.ActiveCfg = Release|x86
		{C8417B68-EBC0-4DF0-9E3C-8BAF77773226}.SingleImage|Mixed Platforms.Build.0 = Release|x86
		{C8417B68-EBC0-4DF0-9E3C-8BAF77773226}.SingleImage|x86.ActiveCfg = Release|x86
		{C8417B68-EBC0-4DF0-9E3C-8BAF77773226}.SingleImage|x86.Build.0 = Release|x86
		{37C753D1-2610-43B5-A758-4C0D6CE8E529}.CD_ROM|Any CPU.ActiveCfg = Release|x86
		{37C753D1-2610-43B5-A758-4C0D6CE8E529}.CD_ROM|Mixed Platforms.ActiveCfg = Release|x86
		{37C753D1-2610-43B5-A758-4C0D6CE8E529}.CD_ROM|Mixed Platforms.Build.0 = Release|x86
		{37C753D1-2610-43B5-A758-4C0D6CE8E529}.CD_ROM|x86.ActiveCfg = Release|x86
		{37C753D1-2610-43B5-A758-4C0D6CE8E529}.CD_ROM|x86.Build.0 = Release|x86
		{37C753D1-2610-43B5-A758-4C0D6CE8E529}.Debug|Any CPU.ActiveCfg = Debug|x86
		{37C753D1-2610-43B5-A758-4C0D6CE8E529}.Debug|Mixed Platforms.ActiveCfg = Debug|x86
		{37C753D1-2610-43B5-A758-4C0D6CE8E529}.Debug|Mixed Platforms.Build.0 = Debug|x86
		{37C753D1-2610-43B5-A758-4C0D6CE8E529}.Debug|x86.ActiveCfg = Debug|x86
		{37C753D1-2610-43B5-A758-4C0D6CE8E529}.Debug|x86.Build.0 = Debug|x86
		{37C753D1-2610-43B5-A758-4C0D6CE8E529}.DVD-5|Any CPU.ActiveCfg = Debug|x86
		{37C753D1-2610-43B5-A758-4C0D6CE8E529}.DVD-5|Mixed Platforms.ActiveCfg = Debug|x86
		{37C753D1-2610-43B5-A758-4C0D6CE8E529}.DVD-5|Mixed Platforms.Build.0 = Debug|x86
		{37C753D1-2610-43B5-A758-4C0D6CE8E529}.DVD-5|x86.ActiveCfg = Debug|x86
		{37C753D1-2610-43B5-A758-4C0D6CE8E529}.DVD-5|x86.Build.0 = Debug|x86
		{37C753D1-2610-43B5-A758-4C0D6CE8E529}.Release|Any CPU.ActiveCfg = Release|x86
		{37C753D1-2610-43B5-A758-4C0D6CE8E529}.Release|Mixed Platforms.ActiveCfg = Release|x86
		{37C753D1-2610-43B5-A758-4C0D6CE8E529}.Release|Mixed Platforms.Build.0 = Release|x86
		{37C753D1-2610-43B5-A758-4C0D6CE8E529}.Release|x86.ActiveCfg = Release|x86
		{37C753D1-2610-43B5-A758-4C0D6CE8E529}.Release|x86.Build.0 = Release|x86
		{37C753D1-2610-43B5-A758-4C0D6CE8E529}.SingleImage|Any CPU.ActiveCfg = Release|x86
		{37C753D1-2610-43B5-A758-4C0D6CE8E529}.SingleImage|Mixed Platforms.ActiveCfg = Release|x86
		{37C753D1-2610-43B5-A758-4C0D6CE8E529}.SingleImage|Mixed Platforms.Build.0 = Release|x86
		{37C753D1-2610-43B5-A758-4C0D6CE8E529}.SingleImage|x86.ActiveCfg = Release|x86
		{37C753D1-2610-43B5-A758-4C0D6CE8E529}.SingleImage|x86.Build.0 = Release|x86
		{2A1AC786-715C-4DE1-B0F1-3AD41D6583F0}.CD_ROM|Any CPU.ActiveCfg = Release|x86
		{2A1AC786-715C-4DE1-B0F1-3AD41D6583F0}.CD_ROM|Mixed Platforms.ActiveCfg = Release|x86
		{2A1AC786-715C-4DE1-B0F1-3AD41D6583F0}.CD_ROM|Mixed Platforms.Build.0 = Release|x86
		{2A1AC786-715C-4DE1-B0F1-3AD41D6583F0}.CD_ROM|x86.ActiveCfg = Release|x86
		{2A1AC786-715C-4DE1-B0F1-3AD41D6583F0}.CD_ROM|x86.Build.0 = Release|x86
		{2A1AC786-715C-4DE1-B0F1-3AD41D6583F0}.Debug|Any CPU.ActiveCfg = Debug|x86
		{2A1AC786-715C-4DE1-B0F1-3AD41D6583F0}.Debug|Mixed Platforms.ActiveCfg = Debug|x86
		{2A1AC786-715C-4DE1-B0F1-3AD41D6583F0}.Debug|Mixed Platforms.Build.0 = Debug|x86
		{2A1AC786-715C-4DE1-B0F1-3AD41D6583F0}.Debug|x86.ActiveCfg = Debug|x86
		{2A1AC786-715C-4DE1-B0F1-3AD41D6583F0}.Debug|x86.Build.0 = Debug|x86
		{2A1AC786-715C-4DE1-B0F1-3AD41D6583F0}.DVD-5|Any CPU.ActiveCfg = Debug|x86
		{2A1AC786-715C-4DE1-B0F1-3AD41D6583F0}.DVD-5|Mixed Platforms.ActiveCfg = Debug|x86
		{2A1AC786-715C-4DE1-B0F1-3AD41D6583F0}.DVD-5|Mixed Platforms.Build.0 = Debug|x86
		{2A1AC786-715C-4DE1-B0F1-3AD41D6583F0}.DVD-5|x86.ActiveCfg = Debug|x86
		{2A1AC786-715C-4DE1-B0F1-3AD41D6583F0}.DVD-5|x86.Build.0 = Debug|x86
		{2A1AC786-715C-4DE1-B0F1-3AD41D6583F0}.Release|Any CPU.ActiveCfg = Release|x86
		{2A1AC786-715C-4DE1-B0F1-3AD41D6583F0}.Release|Mixed Platforms.ActiveCfg = Release|x86
		{2A1AC786-715C-4DE1-B0F1-3AD41D6583F0}.Release|Mixed Platforms.Build.0 = Release|x86
		{2A1AC786-715C-4DE1-B0F1-3AD41D6583F0}.Release|x86.ActiveCfg = Release|x86
		{2A1AC786-715C-4DE1-B0F1-3AD41D6583F0}.Release|x86.Build.0 = Release|x86
		{2A1AC786-715C-4DE1-B0F1-3AD41D6583F0}.SingleImage|Any CPU.ActiveCfg = Release|x86
		{2A1AC786-715C-4DE1-B0F1-3AD41D6583F0}.SingleImage|Mixed Platforms.ActiveCfg = Release|x86
		{2A1AC786-715C-4DE1-B0F1-3AD41D6583F0}.SingleImage|Mixed Platforms.Build.0 = Release|x86
		{2A1AC786-715C-4DE1-B0F1-3AD41D6583F0}.SingleImage|x86.ActiveCfg = Release|x86
		{2A1AC786-715C-4DE1-B0F1-3AD41D6583F0}.SingleImage|x86.Build.0 = Release|x86
	EndGlobalSection
	GlobalSection(SolutionProperties) = preSolution
		HideSolutionNode = FALSE
	EndGlobalSection
EndGlobal
